
Microsoft Visual Studio Solution File, Format Version 12.00
# Visual Studio Version 17
VisualStudioVersion = 17.0.31903.59
MinimumVisualStudioVersion = 10.0.40219.1
Project("{FAE04EC0-301F-11D3-BF4B-00C04F79EFBC}") = "API", "API\API.csproj", "{DF444398-878F-42F6-8B60-060D174A05F4}"
EndProject
Project("{FAE04EC0-301F-11D3-BF4B-00C04F79EFBC}") = "Application", "Application\Application.csproj", "{5EFEE015-F6C9-40F2-A73F-1F63020A0CF9}"
EndProject
Project("{FAE04EC0-301F-11D3-BF4B-00C04F79EFBC}") = "Domain", "Domain\Domain.csproj", "{1891D1A9-1B87-41DF-B7F0-616C09FE3083}"
EndProject
Project("{FAE04EC0-301F-11D3-BF4B-00C04F79EFBC}") = "Persistence", "Persistence\Persistence.csproj", "{70111914-ECA4-4DC3-8389-E5FD778C8966}"
EndProject
Global
	GlobalSection(SolutionConfigurationPlatforms) = preSolution
		Debug|Any CPU = Debug|Any CPU
		Release|Any CPU = Release|Any CPU
	EndGlobalSection
	GlobalSection(SolutionProperties) = preSolution
		HideSolutionNode = FALSE
	EndGlobalSection
	GlobalSection(ProjectConfigurationPlatforms) = postSolution
		{DF444398-878F-42F6-8B60-060D174A05F4}.Debug|Any CPU.ActiveCfg = Debug|Any CPU
		{DF444398-878F-42F6-8B60-060D174A05F4}.Debug|Any CPU.Build.0 = Debug|Any CPU
		{DF444398-878F-42F6-8B60-060D174A05F4}.Release|Any CPU.ActiveCfg = Release|Any CPU
		{DF444398-878F-42F6-8B60-060D174A05F4}.Release|Any CPU.Build.0 = Release|Any CPU
		{5EFEE015-F6C9-40F2-A73F-1F63020A0CF9}.Debug|Any CPU.ActiveCfg = Debug|Any CPU
		{5EFEE015-F6C9-40F2-A73F-1F63020A0CF9}.Debug|Any CPU.Build.0 = Debug|Any CPU
		{5EFEE015-F6C9-40F2-A73F-1F63020A0CF9}.Release|Any CPU.ActiveCfg = Release|Any CPU
		{5EFEE015-F6C9-40F2-A73F-1F63020A0CF9}.Release|Any CPU.Build.0 = Release|Any CPU
		{1891D1A9-1B87-41DF-B7F0-616C09FE3083}.Debug|Any CPU.ActiveCfg = Debug|Any CPU
		{1891D1A9-1B87-41DF-B7F0-616C09FE3083}.Debug|Any CPU.Build.0 = Debug|Any CPU
		{1891D1A9-1B87-41DF-B7F0-616C09FE3083}.Release|Any CPU.ActiveCfg = Release|Any CPU
		{1891D1A9-1B87-41DF-B7F0-616C09FE3083}.Release|Any CPU.Build.0 = Release|Any CPU
		{70111914-ECA4-4DC3-8389-E5FD778C8966}.Debug|Any CPU.ActiveCfg = Debug|Any CPU
		{70111914-ECA4-4DC3-8389-E5FD778C8966}.Debug|Any CPU.Build.0 = Debug|Any CPU
		{70111914-ECA4-4DC3-8389-E5FD778C8966}.Release|Any CPU.ActiveCfg = Release|Any CPU
		{70111914-ECA4-4DC3-8389-E5FD778C8966}.Release|Any CPU.Build.0 = Release|Any CPU
	EndGlobalSection
EndGlobal
